
Microsoft Visual Studio Solution File, Format Version 12.00
# Visual Studio 15
VisualStudioVersion = 15.0.26228.12
MinimumVisualStudioVersion = 10.0.40219.1
Project("{FAE04EC0-301F-11D3-BF4B-00C04F79EFBC}") = "KiviTR.Common", "KiviTR.Common\KiviTR.Common.csproj", "{309565C7-0060-48F8-8AA9-56E1EA6E6940}"
EndProject
Project("{FAE04EC0-301F-11D3-BF4B-00C04F79EFBC}") = "KiviTR.Desktop.Client", "KiviTR.Desktop.Client\KiviTR.Desktop.Client.csproj", "{31B9AB76-0BD5-4793-A9B4-31332D953408}"
EndProject
Project("{2150E333-8FDC-42A3-9474-1A3956D46DE8}") = "Solution Items", "Solution Items", "{2A1AF5E6-732D-4451-8F76-2820916F99DB}"
	ProjectSection(SolutionItems) = preProject
		.editorconfig = .editorconfig
	EndProjectSection
EndProject
Global
	GlobalSection(SolutionConfigurationPlatforms) = preSolution
		Debug|Any CPU = Debug|Any CPU
		Release|Any CPU = Release|Any CPU
	EndGlobalSection
	GlobalSection(ProjectConfigurationPlatforms) = postSolution
		{309565C7-0060-48F8-8AA9-56E1EA6E6940}.Debug|Any CPU.ActiveCfg = Debug|Any CPU
		{309565C7-0060-48F8-8AA9-56E1EA6E6940}.Debug|Any CPU.Build.0 = Debug|Any CPU
		{309565C7-0060-48F8-8AA9-56E1EA6E6940}.Release|Any CPU.ActiveCfg = Release|Any CPU
		{309565C7-0060-48F8-8AA9-56E1EA6E6940}.Release|Any CPU.Build.0 = Release|Any CPU
		{31B9AB76-0BD5-4793-A9B4-31332D953408}.Debug|Any CPU.ActiveCfg = Debug|Any CPU
		{31B9AB76-0BD5-4793-A9B4-31332D953408}.Debug|Any CPU.Build.0 = Debug|Any CPU
		{31B9AB76-0BD5-4793-A9B4-31332D953408}.Release|Any CPU.ActiveCfg = Release|Any CPU
		{31B9AB76-0BD5-4793-A9B4-31332D953408}.Release|Any CPU.Build.0 = Release|Any CPU
	EndGlobalSection
	GlobalSection(SolutionProperties) = preSolution
		HideSolutionNode = FALSE
	EndGlobalSection
	GlobalSection(ExtensibilityGlobals) = postSolution
		SolutionGuid = {631CCD4E-3852-4BB1-9E1C-EF78BC0F4D0B}
	EndGlobalSection
EndGlobal
